{
  "name": "typedriver",
  "lockfileVersion": 3,
  "requires": true,
  "packages": {
    "": {
      "name": "typedriver",
      "dependencies": {
        "@standard-schema/spec": "1.1.0",
        "typebox": "1.1.3"
      },
      "devDependencies": {
        "@arrirpc/schema": "latest",
        "@types/node": "^25.3.0",
        "arktype": "latest",
        "effect": "latest",
        "sury": "latest",
        "valibot": "latest",
        "zod": "latest"
      }
    },
    "node_modules/@ark/schema": {
      "version": "0.56.0",
      "resolved": "https://registry.npmjs.org/@ark/schema/-/schema-0.56.0.tgz",
      "integrity": "sha512-ECg3hox/6Z/nLajxXqNhgPtNdHWC9zNsDyskwO28WinoFEnWow4IsERNz9AnXRhTZJnYIlAJ4uGn3nlLk65vZA==",
      "dev": true,
      "license": "MIT",
      "dependencies": {
        "@ark/util": "0.56.0"
      }
    },
    "node_modules/@ark/util": {
      "version": "0.56.0",
      "resolved": "https://registry.npmjs.org/@ark/util/-/util-0.56.0.tgz",
      "integrity": "sha512-BghfRC8b9pNs3vBoDJhcta0/c1J1rsoS1+HgVUreMFPdhz/CRAKReAu57YEllNaSy98rWAdY1gE+gFup7OXpgA==",
      "dev": true,
      "license": "MIT"
    },
    "node_modules/@arrirpc/schema": {
      "version": "0.81.2",
      "resolved": "https://registry.npmjs.org/@arrirpc/schema/-/schema-0.81.2.tgz",
      "integrity": "sha512-TnJtBzdJPDnTtBZj1eqUpAfif4BJPhZNGcW0UDxpfrIh20OUb9zkViUDfYyOgl6sGg68hk95BykPWJRvav/FMA==",
      "dev": true,
      "license": "MIT",
      "dependencies": {
        "@arrirpc/type-defs": "0.81.2",
        "@standard-schema/spec": "1.0.0",
        "scule": "^1.3.0",
        "uncrypto": "^0.1.3"
      }
    },
    "node_modules/@arrirpc/schema/node_modules/@standard-schema/spec": {
      "version": "1.0.0",
      "resolved": "https://registry.npmjs.org/@standard-schema/spec/-/spec-1.0.0.tgz",
      "integrity": "sha512-m2bOd0f2RT9k8QJx1JN85cZYyH1RqFBdlwtkSlf4tBDYLCiiZnv1fIIwacK6cqwXavOydf0NPToMQgpKq+dVlA==",
      "dev": true,
      "license": "MIT"
    },
    "node_modules/@arrirpc/type-defs": {
      "version": "0.81.2",
      "resolved": "https://registry.npmjs.org/@arrirpc/type-defs/-/type-defs-0.81.2.tgz",
      "integrity": "sha512-odvnKDsit67OjRUgTyHB5baE3h+Zun18KBARoza/7b5NNddqOKkhhD47emWuHuiL5wfk6BDqJby3mzCfc39jjw==",
      "dev": true,
      "license": "MIT",
      "dependencies": {
        "scule": "^1.3.0"
      }
    },
    "node_modules/@standard-schema/spec": {
      "version": "1.1.0",
      "resolved": "https://registry.npmjs.org/@standard-schema/spec/-/spec-1.1.0.tgz",
      "integrity": "sha512-l2aFy5jALhniG5HgqrD6jXLi/rUWrKvqN/qJx6yoJsgKhblVd+iqqU4RCXavm/jPityDo5TCvKMnpjKnOriy0w==",
      "license": "MIT"
    },
    "node_modules/@types/node": {
      "version": "25.3.0",
      "resolved": "https://registry.npmjs.org/@types/node/-/node-25.3.0.tgz",
      "integrity": "sha512-4K3bqJpXpqfg2XKGK9bpDTc6xO/xoUP/RBWS7AtRMug6zZFaRekiLzjVtAoZMquxoAbzBvy5nxQ7veS5eYzf8A==",
      "dev": true,
      "license": "MIT",
      "dependencies": {
        "undici-types": "~7.18.0"
      }
    },
    "node_modules/arkregex": {
      "version": "0.0.5",
      "resolved": "https://registry.npmjs.org/arkregex/-/arkregex-0.0.5.tgz",
      "integrity": "sha512-ncYjBdLlh5/QnVsAA8De16Tc9EqmYM7y/WU9j+236KcyYNUXogpz3sC4ATIZYzzLxwI+0sEOaQLEmLmRleaEXw==",
      "dev": true,
      "license": "MIT",
      "dependencies": {
        "@ark/util": "0.56.0"
      }
    },
    "node_modules/arktype": {
      "version": "2.1.29",
      "resolved": "https://registry.npmjs.org/arktype/-/arktype-2.1.29.tgz",
      "integrity": "sha512-jyfKk4xIOzvYNayqnD8ZJQqOwcrTOUbIU4293yrzAjA3O1dWh61j71ArMQ6tS/u4pD7vabSPe7nG3RCyoXW6RQ==",
      "dev": true,
      "license": "MIT",
      "dependencies": {
        "@ark/schema": "0.56.0",
        "@ark/util": "0.56.0",
        "arkregex": "0.0.5"
      }
    },
    "node_modules/effect": {
      "version": "3.19.19",
      "resolved": "https://registry.npmjs.org/effect/-/effect-3.19.19.tgz",
      "integrity": "sha512-Yc8U/SVXo2dHnaP7zNBlAo83h/nzSJpi7vph6Hzyl4ulgMBIgPmz3UzOjb9sBgpFE00gC0iETR244sfXDNLHRg==",
      "dev": true,
      "license": "MIT",
      "dependencies": {
        "@standard-schema/spec": "^1.0.0",
        "fast-check": "^3.23.1"
      }
    },
    "node_modules/fast-check": {
      "version": "3.23.2",
      "resolved": "https://registry.npmjs.org/fast-check/-/fast-check-3.23.2.tgz",
      "integrity": "sha512-h5+1OzzfCC3Ef7VbtKdcv7zsstUQwUDlYpUTvjeUsJAssPgLn7QzbboPtL5ro04Mq0rPOsMzl7q5hIbRs2wD1A==",
      "dev": true,
      "funding": [
        {
          "type": "individual",
          "url": "https://github.com/sponsors/dubzzz"
        },
        {
          "type": "opencollective",
          "url": "https://opencollective.com/fast-check"
        }
      ],
      "license": "MIT",
      "dependencies": {
        "pure-rand": "^6.1.0"
      },
      "engines": {
        "node": ">=8.0.0"
      }
    },
    "node_modules/pure-rand": {
      "version": "6.1.0",
      "resolved": "https://registry.npmjs.org/pure-rand/-/pure-rand-6.1.0.tgz",
      "integrity": "sha512-bVWawvoZoBYpp6yIoQtQXHZjmz35RSVHnUOTefl8Vcjr8snTPY1wnpSPMWekcFwbxI6gtmT7rSYPFvz71ldiOA==",
      "dev": true,
      "funding": [
        {
          "type": "individual",
          "url": "https://github.com/sponsors/dubzzz"
        },
        {
          "type": "opencollective",
          "url": "https://opencollective.com/fast-check"
        }
      ],
      "license": "MIT"
    },
    "node_modules/scule": {
      "version": "1.3.0",
      "resolved": "https://registry.npmjs.org/scule/-/scule-1.3.0.tgz",
      "integrity": "sha512-6FtHJEvt+pVMIB9IBY+IcCJ6Z5f1iQnytgyfKMhDKgmzYG+TeH/wx1y3l27rshSbLiSanrR9ffZDrEsmjlQF2g==",
      "dev": true,
      "license": "MIT"
    },
    "node_modules/sury": {
      "version": "11.0.0-alpha.4",
      "resolved": "https://registry.npmjs.org/sury/-/sury-11.0.0-alpha.4.tgz",
      "integrity": "sha512-oeG/GJWZvQCKtGPpLbu0yCZudfr5LxycDo5kh7SJmKHDPCsEPJssIZL2Eb4Tl7g9aPEvIDuRrkS+L0pybsMEMA==",
      "dev": true,
      "license": "MIT",
      "peerDependencies": {
        "rescript": "12.x"
      },
      "peerDependenciesMeta": {
        "rescript": {
          "optional": true
        }
      }
    },
    "node_modules/typebox": {
      "version": "1.1.3",
      "resolved": "https://registry.npmjs.org/typebox/-/typebox-1.1.3.tgz",
      "integrity": "sha512-tI2Rc3MERyZC1DSHKXpGayDgWVwQciQlWxVZPaJk/dMm25LDhQ11rgkTnrK/9PlcJYgLw0q03EHvt0aI5J/nuA==",
      "license": "MIT"
    },
    "node_modules/uncrypto": {
      "version": "0.1.3",
      "resolved": "https://registry.npmjs.org/uncrypto/-/uncrypto-0.1.3.tgz",
      "integrity": "sha512-Ql87qFHB3s/De2ClA9e0gsnS6zXG27SkTiSJwjCc9MebbfapQfuPzumMIUMi38ezPZVNFcHI9sUIepeQfw8J8Q==",
      "dev": true,
      "license": "MIT"
    },
    "node_modules/undici-types": {
      "version": "7.18.2",
      "resolved": "https://registry.npmjs.org/undici-types/-/undici-types-7.18.2.tgz",
      "integrity": "sha512-AsuCzffGHJybSaRrmr5eHr81mwJU3kjw6M+uprWvCXiNeN9SOGwQ3Jn8jb8m3Z6izVgknn1R0FTCEAP2QrLY/w==",
      "dev": true,
      "license": "MIT"
    },
    "node_modules/valibot": {
      "version": "1.2.0",
      "resolved": "https://registry.npmjs.org/valibot/-/valibot-1.2.0.tgz",
      "integrity": "sha512-mm1rxUsmOxzrwnX5arGS+U4T25RdvpPjPN4yR0u9pUBov9+zGVtO84tif1eY4r6zWxVxu3KzIyknJy3rxfRZZg==",
      "dev": true,
      "license": "MIT",
      "peerDependencies": {
        "typescript": ">=5"
      },
      "peerDependenciesMeta": {
        "typescript": {
          "optional": true
        }
      }
    },
    "node_modules/zod": {
      "version": "4.3.6",
      "resolved": "https://registry.npmjs.org/zod/-/zod-4.3.6.tgz",
      "integrity": "sha512-rftlrkhHZOcjDwkGlnUtZZkvaPHCsDATp4pGpuOOMDaTdDDXF91wuVDJoWoPsKX/3YPQ5fHuF3STjcYyKr+Qhg==",
      "dev": true,
      "license": "MIT",
      "funding": {
        "url": "https://github.com/sponsors/colinhacks"
      }
    }
  }
}
